
Microsoft Visual Studio Solution File, Format Version 12.00
# Visual Studio Version 17
VisualStudioVersion = 17.2.32210.308
MinimumVisualStudioVersion = 10.0.40219.1
Project("{9A19103F-16F7-4668-BE54-9A1E7A4F7556}") = "PasswordRulesSharp", "PasswordRulesSharp\PasswordRulesSharp.csproj", "{ADC08BC6-2DD5-4E98-BA4A-270354B7A525}"
EndProject
Project("{9A19103F-16F7-4668-BE54-9A1E7A4F7556}") = "PasswordRulesSharp.Tests", "PasswordRulesSharp.Tests\PasswordRulesSharp.Tests.csproj", "{EF142484-BF5E-4273-8C4C-4F8E678A5F5E}"
EndProject
Project("{9A19103F-16F7-4668-BE54-9A1E7A4F7556}") = "PasswordRulesSharp.DemoTool", "PasswordRulesSharp.DemoTool\PasswordRulesSharp.DemoTool.csproj", "{C3D5F3E3-F86D-4A92-AE75-059EC34FE897}"
EndProject
Project("{2150E333-8FDC-42A3-9474-1A3956D46DE8}") = "Solution Items", "Solution Items", "{AC87118C-D085-4633-A36E-D5B20B87403D}"
	ProjectSection(SolutionItems) = preProject
		.editorconfig = .editorconfig
	EndProjectSection
EndProject
Global
	GlobalSection(SolutionConfigurationPlatforms) = preSolution
		Debug|Any CPU = Debug|Any CPU
		Release|Any CPU = Release|Any CPU
	EndGlobalSection
	GlobalSection(ProjectConfigurationPlatforms) = postSolution
		{ADC08BC6-2DD5-4E98-BA4A-270354B7A525}.Debug|Any CPU.ActiveCfg = Debug|Any CPU
		{ADC08BC6-2DD5-4E98-BA4A-270354B7A525}.Debug|Any CPU.Build.0 = Debug|Any CPU
		{ADC08BC6-2DD5-4E98-BA4A-270354B7A525}.Release|Any CPU.ActiveCfg = Release|Any CPU
		{ADC08BC6-2DD5-4E98-BA4A-270354B7A525}.Release|Any CPU.Build.0 = Release|Any CPU
		{EF142484-BF5E-4273-8C4C-4F8E678A5F5E}.Debug|Any CPU.ActiveCfg = Debug|Any CPU
		{EF142484-BF5E-4273-8C4C-4F8E678A5F5E}.Debug|Any CPU.Build.0 = Debug|Any CPU
		{EF142484-BF5E-4273-8C4C-4F8E678A5F5E}.Release|Any CPU.ActiveCfg = Release|Any CPU
		{EF142484-BF5E-4273-8C4C-4F8E678A5F5E}.Release|Any CPU.Build.0 = Release|Any CPU
		{C3D5F3E3-F86D-4A92-AE75-059EC34FE897}.Debug|Any CPU.ActiveCfg = Debug|Any CPU
		{C3D5F3E3-F86D-4A92-AE75-059EC34FE897}.Debug|Any CPU.Build.0 = Debug|Any CPU
		{C3D5F3E3-F86D-4A92-AE75-059EC34FE897}.Release|Any CPU.ActiveCfg = Release|Any CPU
		{C3D5F3E3-F86D-4A92-AE75-059EC34FE897}.Release|Any CPU.Build.0 = Release|Any CPU
	EndGlobalSection
	GlobalSection(SolutionProperties) = preSolution
		HideSolutionNode = FALSE
	EndGlobalSection
	GlobalSection(ExtensibilityGlobals) = postSolution
		SolutionGuid = {E017D7AF-4250-4635-9D13-5A976898932B}
	EndGlobalSection
EndGlobal
